
Microsoft Visual Studio Solution File, Format Version 12.00
Project("{FAE04EC0-301F-11D3-BF4B-00C04F79EFBC}") = "HaromszogKerulete", "HaromszogKerulete.csproj", "{CADC89D7-49FE-4BF4-89B1-0E4BC6359034}"
EndProject
Global
	GlobalSection(SolutionConfigurationPlatforms) = preSolution
		Debug|Any CPU = Debug|Any CPU
		Release|Any CPU = Release|Any CPU
	EndGlobalSection
	GlobalSection(ProjectConfigurationPlatforms) = postSolution
		{CADC89D7-49FE-4BF4-89B1-0E4BC6359034}.Debug|Any CPU.ActiveCfg = Debug|Any CPU
		{CADC89D7-49FE-4BF4-89B1-0E4BC6359034}.Debug|Any CPU.Build.0 = Debug|Any CPU
		{CADC89D7-49FE-4BF4-89B1-0E4BC6359034}.Release|Any CPU.ActiveCfg = Release|Any CPU
		{CADC89D7-49FE-4BF4-89B1-0E4BC6359034}.Release|Any CPU.Build.0 = Release|Any CPU
	EndGlobalSection
EndGlobal
